
Microsoft Visual Studio Solution File, Format Version 12.00
# Visual Studio Version 16
VisualStudioVersion = 16.0.30711.63
MinimumVisualStudioVersion = 10.0.40219.1
Project("{9A19103F-16F7-4668-BE54-9A1E7A4F7556}") = "consoleApp", "consoleApp\consoleApp.csproj", "{EEBCE6ED-875B-49F2-AFE3-AE51602B6A2C}"
EndProject
Project("{9A19103F-16F7-4668-BE54-9A1E7A4F7556}") = "Model", "Model\Model.csproj", "{AA53A248-1858-47DC-A9D9-D3F42ACF9D37}"
EndProject
Project("{9A19103F-16F7-4668-BE54-9A1E7A4F7556}") = "Services", "Services\Services.csproj", "{587C89E2-DF1C-4D08-B463-E1198EDD8202}"
EndProject
Project("{9A19103F-16F7-4668-BE54-9A1E7A4F7556}") = "unitTestServices", "unitTestServices\unitTestServices.csproj", "{7B0ED9E9-F5B3-49AA-AB86-67566B1CA1A3}"
EndProject
Project("{FAE04EC0-301F-11D3-BF4B-00C04F79EFBC}") = "SalesApp", "SalesApp\SalesApp.csproj", "{F6EF0F74-4A3C-4645-BAEC-2BB34F2BC5B6}"
EndProject
Global
	GlobalSection(SolutionConfigurationPlatforms) = preSolution
		Debug|Any CPU = Debug|Any CPU
		Release|Any CPU = Release|Any CPU
	EndGlobalSection
	GlobalSection(ProjectConfigurationPlatforms) = postSolution
		{EEBCE6ED-875B-49F2-AFE3-AE51602B6A2C}.Debug|Any CPU.ActiveCfg = Debug|Any CPU
		{EEBCE6ED-875B-49F2-AFE3-AE51602B6A2C}.Debug|Any CPU.Build.0 = Debug|Any CPU
		{EEBCE6ED-875B-49F2-AFE3-AE51602B6A2C}.Release|Any CPU.ActiveCfg = Release|Any CPU
		{EEBCE6ED-875B-49F2-AFE3-AE51602B6A2C}.Release|Any CPU.Build.0 = Release|Any CPU
		{AA53A248-1858-47DC-A9D9-D3F42ACF9D37}.Debug|Any CPU.ActiveCfg = Debug|Any CPU
		{AA53A248-1858-47DC-A9D9-D3F42ACF9D37}.Debug|Any CPU.Build.0 = Debug|Any CPU
		{AA53A248-1858-47DC-A9D9-D3F42ACF9D37}.Release|Any CPU.ActiveCfg = Release|Any CPU
		{AA53A248-1858-47DC-A9D9-D3F42ACF9D37}.Release|Any CPU.Build.0 = Release|Any CPU
		{587C89E2-DF1C-4D08-B463-E1198EDD8202}.Debug|Any CPU.ActiveCfg = Debug|Any CPU
		{587C89E2-DF1C-4D08-B463-E1198EDD8202}.Debug|Any CPU.Build.0 = Debug|Any CPU
		{587C89E2-DF1C-4D08-B463-E1198EDD8202}.Release|Any CPU.ActiveCfg = Release|Any CPU
		{587C89E2-DF1C-4D08-B463-E1198EDD8202}.Release|Any CPU.Build.0 = Release|Any CPU
		{7B0ED9E9-F5B3-49AA-AB86-67566B1CA1A3}.Debug|Any CPU.ActiveCfg = Debug|Any CPU
		{7B0ED9E9-F5B3-49AA-AB86-67566B1CA1A3}.Debug|Any CPU.Build.0 = Debug|Any CPU
		{7B0ED9E9-F5B3-49AA-AB86-67566B1CA1A3}.Release|Any CPU.ActiveCfg = Release|Any CPU
		{7B0ED9E9-F5B3-49AA-AB86-67566B1CA1A3}.Release|Any CPU.Build.0 = Release|Any CPU
		{F6EF0F74-4A3C-4645-BAEC-2BB34F2BC5B6}.Debug|Any CPU.ActiveCfg = Debug|Any CPU
		{F6EF0F74-4A3C-4645-BAEC-2BB34F2BC5B6}.Debug|Any CPU.Build.0 = Debug|Any CPU
		{F6EF0F74-4A3C-4645-BAEC-2BB34F2BC5B6}.Release|Any CPU.ActiveCfg = Release|Any CPU
		{F6EF0F74-4A3C-4645-BAEC-2BB34F2BC5B6}.Release|Any CPU.Build.0 = Release|Any CPU
	EndGlobalSection
	GlobalSection(SolutionProperties) = preSolution
		HideSolutionNode = FALSE
	EndGlobalSection
	GlobalSection(ExtensibilityGlobals) = postSolution
		SolutionGuid = {742E1B11-505C-4143-B452-D443FB77E43C}
	EndGlobalSection
EndGlobal
